
Microsoft Visual Studio Solution File, Format Version 12.00
# Visual Studio Version 17
VisualStudioVersion = 17.14.36623.8
MinimumVisualStudioVersion = 10.0.40219.1
Project("{FAE04EC0-301F-11D3-BF4B-00C04F79EFBC}") = "01_program_route", "01_program_route\01_program_route.csproj", "{20D68E17-6E8D-4758-BFB6-5E5042C0D7E8}"
EndProject
Project("{FAE04EC0-301F-11D3-BF4B-00C04F79EFBC}") = "02_controller_to_view", "02_controller_to_view\02_controller_to_view.csproj", "{12C4D517-197A-4584-AD4C-698F7D988320}"
EndProject
Project("{FAE04EC0-301F-11D3-BF4B-00C04F79EFBC}") = "03_view_to_controller", "03_view_to_controller\03_view_to_controller.csproj", "{C9E7E027-EEEA-4F99-99B2-CF85DEE5B468}"
EndProject
Project("{FAE04EC0-301F-11D3-BF4B-00C04F79EFBC}") = "04_proje_not_hesaplama_sistemi", "04_proje_not_hesaplama_sistemi\04_proje_not_hesaplama_sistemi.csproj", "{11094A78-11F0-4E61-9DDD-B1B387E16B5D}"
EndProject
Project("{FAE04EC0-301F-11D3-BF4B-00C04F79EFBC}") = "05_viewData_viewBag_tempData", "05_viewData_viewBag_tempData\05_viewData_viewBag_tempData.csproj", "{C6C6060C-1814-4B39-9944-BC8EBA80EC03}"
EndProject
Project("{FAE04EC0-301F-11D3-BF4B-00C04F79EFBC}") = "06_html_helper", "06_html_helper\06_html_helper.csproj", "{B716D48A-C189-4C7E-9ED5-5766F4EEEB0F}"
EndProject
Project("{FAE04EC0-301F-11D3-BF4B-00C04F79EFBC}") = "07_custom_helpers", "07_custom_helpers\07_custom_helpers.csproj", "{379E8E73-8315-471A-B459-EB0E481B48EB}"
EndProject
Project("{FAE04EC0-301F-11D3-BF4B-00C04F79EFBC}") = "08_view_layout_partialview", "08_view_layout_partialview\08_view_layout_partialview.csproj", "{D62861F7-A50E-4AA2-B6BD-F4DDE17E48DB}"
EndProject
Project("{FAE04EC0-301F-11D3-BF4B-00C04F79EFBC}") = "09_render_section_nested", "09_render_section_nested\09_render_section_nested.csproj", "{77588582-23BF-4B1B-BBEC-E91B53AD60FE}"
EndProject
Project("{FAE04EC0-301F-11D3-BF4B-00C04F79EFBC}") = "10_kaan_kampus_etkinlik_panosu", "10_kaan_kampus_etkinlik_panosu\10_kaan_kampus_etkinlik_panosu.csproj", "{FE68190B-344F-4555-BFB9-4AF3101ED49A}"
EndProject
Project("{FAE04EC0-301F-11D3-BF4B-00C04F79EFBC}") = "KampusEtkinlik", "KampusEtkinlik\KampusEtkinlik.csproj", "{114CB4D8-D374-452C-B907-3310299A6B31}"
EndProject
Project("{FAE04EC0-301F-11D3-BF4B-00C04F79EFBC}") = "11_models_binding", "11_models_binding\11_models_binding.csproj", "{A9483698-5711-4038-BC0E-E95167B708CB}"
EndProject
Project("{FAE04EC0-301F-11D3-BF4B-00C04F79EFBC}") = "12_fluentvalidation", "12_fluentvalidation\12_fluentvalidation.csproj", "{45556FF2-8EF0-4846-82D5-7E9544FDF707}"
EndProject
Project("{FAE04EC0-301F-11D3-BF4B-00C04F79EFBC}") = "13_automapper", "13_automapper\13_automapper.csproj", "{D5E884BE-ECC6-4A6D-BDC5-A27A50EB50C3}"
EndProject
Global
	GlobalSection(SolutionConfigurationPlatforms) = preSolution
		Debug|Any CPU = Debug|Any CPU
		Release|Any CPU = Release|Any CPU
	EndGlobalSection
	GlobalSection(ProjectConfigurationPlatforms) = postSolution
		{20D68E17-6E8D-4758-BFB6-5E5042C0D7E8}.Debug|Any CPU.ActiveCfg = Debug|Any CPU
		{20D68E17-6E8D-4758-BFB6-5E5042C0D7E8}.Debug|Any CPU.Build.0 = Debug|Any CPU
		{20D68E17-6E8D-4758-BFB6-5E5042C0D7E8}.Release|Any CPU.ActiveCfg = Release|Any CPU
		{20D68E17-6E8D-4758-BFB6-5E5042C0D7E8}.Release|Any CPU.Build.0 = Release|Any CPU
		{12C4D517-197A-4584-AD4C-698F7D988320}.Debug|Any CPU.ActiveCfg = Debug|Any CPU
		{12C4D517-197A-4584-AD4C-698F7D988320}.Debug|Any CPU.Build.0 = Debug|Any CPU
		{12C4D517-197A-4584-AD4C-698F7D988320}.Release|Any CPU.ActiveCfg = Release|Any CPU
		{12C4D517-197A-4584-AD4C-698F7D988320}.Release|Any CPU.Build.0 = Release|Any CPU
		{C9E7E027-EEEA-4F99-99B2-CF85DEE5B468}.Debug|Any CPU.ActiveCfg = Debug|Any CPU
		{C9E7E027-EEEA-4F99-99B2-CF85DEE5B468}.Debug|Any CPU.Build.0 = Debug|Any CPU
		{C9E7E027-EEEA-4F99-99B2-CF85DEE5B468}.Release|Any CPU.ActiveCfg = Release|Any CPU
		{C9E7E027-EEEA-4F99-99B2-CF85DEE5B468}.Release|Any CPU.Build.0 = Release|Any CPU
		{11094A78-11F0-4E61-9DDD-B1B387E16B5D}.Debug|Any CPU.ActiveCfg = Debug|Any CPU
		{11094A78-11F0-4E61-9DDD-B1B387E16B5D}.Debug|Any CPU.Build.0 = Debug|Any CPU
		{11094A78-11F0-4E61-9DDD-B1B387E16B5D}.Release|Any CPU.ActiveCfg = Release|Any CPU
		{11094A78-11F0-4E61-9DDD-B1B387E16B5D}.Release|Any CPU.Build.0 = Release|Any CPU
		{C6C6060C-1814-4B39-9944-BC8EBA80EC03}.Debug|Any CPU.ActiveCfg = Debug|Any CPU
		{C6C6060C-1814-4B39-9944-BC8EBA80EC03}.Debug|Any CPU.Build.0 = Debug|Any CPU
		{C6C6060C-1814-4B39-9944-BC8EBA80EC03}.Release|Any CPU.ActiveCfg = Release|Any CPU
		{C6C6060C-1814-4B39-9944-BC8EBA80EC03}.Release|Any CPU.Build.0 = Release|Any CPU
		{B716D48A-C189-4C7E-9ED5-5766F4EEEB0F}.Debug|Any CPU.ActiveCfg = Debug|Any CPU
		{B716D48A-C189-4C7E-9ED5-5766F4EEEB0F}.Debug|Any CPU.Build.0 = Debug|Any CPU
		{B716D48A-C189-4C7E-9ED5-5766F4EEEB0F}.Release|Any CPU.ActiveCfg = Release|Any CPU
		{B716D48A-C189-4C7E-9ED5-5766F4EEEB0F}.Release|Any CPU.Build.0 = Release|Any CPU
		{379E8E73-8315-471A-B459-EB0E481B48EB}.Debug|Any CPU.ActiveCfg = Debug|Any CPU
		{379E8E73-8315-471A-B459-EB0E481B48EB}.Debug|Any CPU.Build.0 = Debug|Any CPU
		{379E8E73-8315-471A-B459-EB0E481B48EB}.Release|Any CPU.ActiveCfg = Release|Any CPU
		{379E8E73-8315-471A-B459-EB0E481B48EB}.Release|Any CPU.Build.0 = Release|Any CPU
		{D62861F7-A50E-4AA2-B6BD-F4DDE17E48DB}.Debug|Any CPU.ActiveCfg = Debug|Any CPU
		{D62861F7-A50E-4AA2-B6BD-F4DDE17E48DB}.Debug|Any CPU.Build.0 = Debug|Any CPU
		{D62861F7-A50E-4AA2-B6BD-F4DDE17E48DB}.Release|Any CPU.ActiveCfg = Release|Any CPU
		{D62861F7-A50E-4AA2-B6BD-F4DDE17E48DB}.Release|Any CPU.Build.0 = Release|Any CPU
		{77588582-23BF-4B1B-BBEC-E91B53AD60FE}.Debug|Any CPU.ActiveCfg = Debug|Any CPU
		{77588582-23BF-4B1B-BBEC-E91B53AD60FE}.Debug|Any CPU.Build.0 = Debug|Any CPU
		{77588582-23BF-4B1B-BBEC-E91B53AD60FE}.Release|Any CPU.ActiveCfg = Release|Any CPU
		{77588582-23BF-4B1B-BBEC-E91B53AD60FE}.Release|Any CPU.Build.0 = Release|Any CPU
		{FE68190B-344F-4555-BFB9-4AF3101ED49A}.Debug|Any CPU.ActiveCfg = Debug|Any CPU
		{FE68190B-344F-4555-BFB9-4AF3101ED49A}.Debug|Any CPU.Build.0 = Debug|Any CPU
		{FE68190B-344F-4555-BFB9-4AF3101ED49A}.Release|Any CPU.ActiveCfg = Release|Any CPU
		{FE68190B-344F-4555-BFB9-4AF3101ED49A}.Release|Any CPU.Build.0 = Release|Any CPU
		{114CB4D8-D374-452C-B907-3310299A6B31}.Debug|Any CPU.ActiveCfg = Debug|Any CPU
		{114CB4D8-D374-452C-B907-3310299A6B31}.Debug|Any CPU.Build.0 = Debug|Any CPU
		{114CB4D8-D374-452C-B907-3310299A6B31}.Release|Any CPU.ActiveCfg = Release|Any CPU
		{114CB4D8-D374-452C-B907-3310299A6B31}.Release|Any CPU.Build.0 = Release|Any CPU
		{A9483698-5711-4038-BC0E-E95167B708CB}.Debug|Any CPU.ActiveCfg = Debug|Any CPU
		{A9483698-5711-4038-BC0E-E95167B708CB}.Debug|Any CPU.Build.0 = Debug|Any CPU
		{A9483698-5711-4038-BC0E-E95167B708CB}.Release|Any CPU.ActiveCfg = Release|Any CPU
		{A9483698-5711-4038-BC0E-E95167B708CB}.Release|Any CPU.Build.0 = Release|Any CPU
		{45556FF2-8EF0-4846-82D5-7E9544FDF707}.Debug|Any CPU.ActiveCfg = Debug|Any CPU
		{45556FF2-8EF0-4846-82D5-7E9544FDF707}.Debug|Any CPU.Build.0 = Debug|Any CPU
		{45556FF2-8EF0-4846-82D5-7E9544FDF707}.Release|Any CPU.ActiveCfg = Release|Any CPU
		{45556FF2-8EF0-4846-82D5-7E9544FDF707}.Release|Any CPU.Build.0 = Release|Any CPU
		{D5E884BE-ECC6-4A6D-BDC5-A27A50EB50C3}.Debug|Any CPU.ActiveCfg = Debug|Any CPU
		{D5E884BE-ECC6-4A6D-BDC5-A27A50EB50C3}.Debug|Any CPU.Build.0 = Debug|Any CPU
		{D5E884BE-ECC6-4A6D-BDC5-A27A50EB50C3}.Release|Any CPU.ActiveCfg = Release|Any CPU
		{D5E884BE-ECC6-4A6D-BDC5-A27A50EB50C3}.Release|Any CPU.Build.0 = Release|Any CPU
	EndGlobalSection
	GlobalSection(SolutionProperties) = preSolution
		HideSolutionNode = FALSE
	EndGlobalSection
	GlobalSection(ExtensibilityGlobals) = postSolution
		SolutionGuid = {F24B41D0-D48E-48CF-AC6F-46C96A8E1428}
	EndGlobalSection
EndGlobal
