
Microsoft Visual Studio Solution File, Format Version 12.00
# Visual Studio Version 17
VisualStudioVersion = 17.14.36623.8 d17.14
MinimumVisualStudioVersion = 10.0.40219.1
Project("{FAE04EC0-301F-11D3-BF4B-00C04F79EFBC}") = "01_program_route", "01_program_route\01_program_route.csproj", "{20D68E17-6E8D-4758-BFB6-5E5042C0D7E8}"
EndProject
Project("{FAE04EC0-301F-11D3-BF4B-00C04F79EFBC}") = "02_controller_to_view", "02_controller_to_view\02_controller_to_view.csproj", "{12C4D517-197A-4584-AD4C-698F7D988320}"
EndProject
Project("{FAE04EC0-301F-11D3-BF4B-00C04F79EFBC}") = "03_view_to_controller", "03_view_to_controller\03_view_to_controller.csproj", "{C9E7E027-EEEA-4F99-99B2-CF85DEE5B468}"
EndProject
Global
	GlobalSection(SolutionConfigurationPlatforms) = preSolution
		Debug|Any CPU = Debug|Any CPU
		Release|Any CPU = Release|Any CPU
	EndGlobalSection
	GlobalSection(ProjectConfigurationPlatforms) = postSolution
		{20D68E17-6E8D-4758-BFB6-5E5042C0D7E8}.Debug|Any CPU.ActiveCfg = Debug|Any CPU
		{20D68E17-6E8D-4758-BFB6-5E5042C0D7E8}.Debug|Any CPU.Build.0 = Debug|Any CPU
		{20D68E17-6E8D-4758-BFB6-5E5042C0D7E8}.Release|Any CPU.ActiveCfg = Release|Any CPU
		{20D68E17-6E8D-4758-BFB6-5E5042C0D7E8}.Release|Any CPU.Build.0 = Release|Any CPU
		{12C4D517-197A-4584-AD4C-698F7D988320}.Debug|Any CPU.ActiveCfg = Debug|Any CPU
		{12C4D517-197A-4584-AD4C-698F7D988320}.Debug|Any CPU.Build.0 = Debug|Any CPU
		{12C4D517-197A-4584-AD4C-698F7D988320}.Release|Any CPU.ActiveCfg = Release|Any CPU
		{12C4D517-197A-4584-AD4C-698F7D988320}.Release|Any CPU.Build.0 = Release|Any CPU
		{C9E7E027-EEEA-4F99-99B2-CF85DEE5B468}.Debug|Any CPU.ActiveCfg = Debug|Any CPU
		{C9E7E027-EEEA-4F99-99B2-CF85DEE5B468}.Debug|Any CPU.Build.0 = Debug|Any CPU
		{C9E7E027-EEEA-4F99-99B2-CF85DEE5B468}.Release|Any CPU.ActiveCfg = Release|Any CPU
		{C9E7E027-EEEA-4F99-99B2-CF85DEE5B468}.Release|Any CPU.Build.0 = Release|Any CPU
	EndGlobalSection
	GlobalSection(SolutionProperties) = preSolution
		HideSolutionNode = FALSE
	EndGlobalSection
	GlobalSection(ExtensibilityGlobals) = postSolution
		SolutionGuid = {F24B41D0-D48E-48CF-AC6F-46C96A8E1428}
	EndGlobalSection
EndGlobal
